<?xml version="1.0" encoding="utf-8"?>
<Project ToolsVersion="4.0" xmlns="http://schemas.microsoft.com/developer/msbuild/2003">
  <ItemGroup>
    <Filter Include="Source Files">
      <UniqueIdentifier>{1597f3f9-0c68-47e0-9ab5-bfc07182debc}</UniqueIdentifier>
      <Extensions>cpp;c;cxx;def;odl;idl;hpj;bat;asm</Extensions>
    </Filter>
    <Filter Include="Header Files">
      <UniqueIdentifier>{886ece6b-0484-41f3-8bf6-48d3196a3846}</UniqueIdentifier>
      <Extensions>h;hpp;hxx;hm;inl;inc</Extensions>
    </Filter>
    <Filter Include="duires">
      <UniqueIdentifier>{8296dc2a-a8be-49c9-a284-76d2af0373c8}</UniqueIdentifier>
    </Filter>
    <Filter Include="resource files">
      <UniqueIdentifier>{4595971b-6b50-4d0f-87a1-40ba7cb67f04}</UniqueIdentifier>
    </Filter>
    <Filter Include="skinole">
      <UniqueIdentifier>{e7b4e7c6-bd7f-45ec-a4d6-2ead17218119}</UniqueIdentifier>
    </Filter>
    <Filter Include="zipskin">
      <UniqueIdentifier>{4e166bf7-9d2e-4255-a4f0-280a83fd235c}</UniqueIdentifier>
    </Filter>
    <Filter Include="wtlhelper">
      <UniqueIdentifier>{81ef8519-11c6-4a44-afdd-ca5163a37722}</UniqueIdentifier>
    </Filter>
    <Filter Include="lua">
      <UniqueIdentifier>{87b4bfea-708a-4c40-b58f-95c4e4f4809e}</UniqueIdentifier>
      <Extensions>lua</Extensions>
    </Filter>
    <Filter Include="Skin Files">
      <UniqueIdentifier>{006e062d-1f05-49fe-bc5c-dbbdedb0bbaa}</UniqueIdentifier>
    </Filter>
    <Filter Include="Skin Files\XML">
      <UniqueIdentifier>{85f62cd5-6dc3-446f-8553-657ac7d19525}</UniqueIdentifier>
    </Filter>
    <Filter Include="Skin Files\image">
      <UniqueIdentifier>{f8185b57-fde5-482c-b727-1b42c91e0548}</UniqueIdentifier>
    </Filter>
  </ItemGroup>
  <ItemGroup>
    <ClCompile Include="duidemo.cpp">
      <Filter>Source Files</Filter>
    </ClCompile>
    <ClCompile Include="MainDlg.cpp">
      <Filter>Source Files</Filter>
    </ClCompile>
    <ClCompile Include="ResModeSelDlg.cpp">
      <Filter>Source Files</Filter>
    </ClCompile>
    <ClCompile Include="stdafx.cpp">
      <Filter>Source Files</Filter>
    </ClCompile>
    <ClCompile Include="UIHander.cpp">
      <Filter>Source Files</Filter>
    </ClCompile>
    <ClCompile Include="DuiSkinGif.cpp">
      <Filter>skinole</Filter>
    </ClCompile>
    <ClCompile Include="skinole\ImageOle.cpp">
      <Filter>skinole</Filter>
    </ClCompile>
    <ClCompile Include="zipskin\DuiResProviderZip.cpp">
      <Filter>zipskin</Filter>
    </ClCompile>
    <ClCompile Include="zipskin\zipArchive.cpp">
      <Filter>zipskin</Filter>
    </ClCompile>
  </ItemGroup>
  <ItemGroup>
    <ClInclude Include="MainDlg.h">
      <Filter>Header Files</Filter>
    </ClInclude>
    <ClInclude Include="ResModeSelDlg.h">
      <Filter>Header Files</Filter>
    </ClInclude>
    <ClInclude Include="stdafx.h">
      <Filter>Header Files</Filter>
    </ClInclude>
    <ClInclude Include="UIHander.h">
      <Filter>Header Files</Filter>
    </ClInclude>
    <ClInclude Include="duires\winres.h">
      <Filter>duires</Filter>
    </ClInclude>
    <ClInclude Include="resource.h">
      <Filter>resource files</Filter>
    </ClInclude>
    <ClInclude Include="DuiSkinGif.h">
      <Filter>skinole</Filter>
    </ClInclude>
    <ClInclude Include="skinole\ImageOle.h">
      <Filter>skinole</Filter>
    </ClInclude>
    <ClInclude Include="zipskin\DuiResProviderZip.h">
      <Filter>zipskin</Filter>
    </ClInclude>
    <ClInclude Include="zipskin\ZipArchive.h">
      <Filter>zipskin</Filter>
    </ClInclude>
    <ClInclude Include="wtlhelper\whwindow.h">
      <Filter>wtlhelper</Filter>
    </ClInclude>
  </ItemGroup>
  <ItemGroup>
    <None Include="duires\name2id.xml">
      <Filter>resource files</Filter>
    </None>
    <None Include="duires\resmode.zip">
      <Filter>resource files</Filter>
    </None>
    <None Include="lua\test.lua">
      <Filter>lua</Filter>
    </None>
    <None Include="skin\xml\dlg_main.xml">
      <Filter>Skin Files\XML</Filter>
    </None>
    <None Include="skin\xml\menu_test.xml">
      <Filter>Skin Files\XML</Filter>
    </None>
    <None Include="skin\xml\dlg_msgbox.xml">
      <Filter>Skin Files\XML</Filter>
    </None>
    <None Include="skin\xml\init.xml">
      <Filter>Skin Files\XML</Filter>
    </None>
    <None Include="skin\xml\page2.xml">
      <Filter>Skin Files\XML</Filter>
    </None>
  </ItemGroup>
  <ItemGroup>
    <ResourceCompile Include="duidemo.rc">
      <Filter>resource files</Filter>
    </ResourceCompile>
  </ItemGroup>
  <ItemGroup>
    <CustomBuildStep Include="duires\winres.rc2">
      <Filter>duires</Filter>
    </CustomBuildStep>
  </ItemGroup>
  <ItemGroup>
    <CustomBuild Include="skin\index.xml">
      <Filter>Skin Files</Filter>
    </CustomBuild>
  </ItemGroup>
</Project>