<?xml version="1.0" encoding="utf-8"?>
<Project ToolsVersion="4.0" xmlns="http://schemas.microsoft.com/developer/msbuild/2003">
  <ItemGroup>
    <Filter Include="Source Files">
      <UniqueIdentifier>{4FC737F1-C7A5-4376-A066-2A32D752A2FF}</UniqueIdentifier>
      <Extensions>cpp;c;cc;cxx;def;odl;idl;hpj;bat;asm;asmx</Extensions>
    </Filter>
    <Filter Include="Source Files\activex">
      <UniqueIdentifier>{d89870c7-fab2-496b-ab4f-d5319ccb1389}</UniqueIdentifier>
    </Filter>
    <Filter Include="Source Files\pools">
      <UniqueIdentifier>{d6ca0288-1f6b-4400-b300-753e194af465}</UniqueIdentifier>
    </Filter>
    <Filter Include="Header Files">
      <UniqueIdentifier>{93995380-89BD-4b04-88EB-625FBE52EBFB}</UniqueIdentifier>
      <Extensions>h;hpp;hxx;hm;inl;inc;xsd</Extensions>
    </Filter>
    <Filter Include="Header Files\wtl.mini">
      <UniqueIdentifier>{df0b23d2-16b2-4f03-b82e-815cfac92909}</UniqueIdentifier>
    </Filter>
    <Filter Include="Header Files\activex">
      <UniqueIdentifier>{154ce1b0-a66c-421f-9e9b-f599c2bcbb5f}</UniqueIdentifier>
    </Filter>
    <Filter Include="Header Files\controls">
      <UniqueIdentifier>{827faf6b-8165-430a-af87-8b0053f61cb5}</UniqueIdentifier>
    </Filter>
    <Filter Include="dependencies">
      <UniqueIdentifier>{f40266ed-a1be-47c4-b2b2-efd93dcae06d}</UniqueIdentifier>
    </Filter>
    <Filter Include="dependencies\pugixml">
      <UniqueIdentifier>{77425637-6b12-4c39-9351-98d2da003de0}</UniqueIdentifier>
    </Filter>
    <Filter Include="dllmain">
      <UniqueIdentifier>{cf6570e6-a5a1-4ffb-8ba8-78d65e95066f}</UniqueIdentifier>
    </Filter>
    <Filter Include="Header Files\singletons">
      <UniqueIdentifier>{cecd6268-3a67-4a49-a577-a798f3d7d904}</UniqueIdentifier>
    </Filter>
  </ItemGroup>
  <ItemGroup>
    <ClCompile Include="src\Accelerator.cpp">
      <Filter>Source Files</Filter>
    </ClCompile>
    <ClCompile Include="src\DragWnd.cpp">
      <Filter>Source Files</Filter>
    </ClCompile>
    <ClCompile Include="src\DuiActiveX.cpp">
      <Filter>Source Files</Filter>
    </ClCompile>
    <ClCompile Include="src\activex\DuiAxContainer.cpp">
      <Filter>Source Files</Filter>
    </ClCompile>
    <ClCompile Include="src\DuiCalendar.cpp">
      <Filter>Source Files</Filter>
    </ClCompile>
    <ClCompile Include="src\DuiCaption.cpp">
      <Filter>Source Files</Filter>
    </ClCompile>
    <ClCompile Include="src\duicolor.cpp">
      <Filter>Source Files</Filter>
    </ClCompile>
    <ClCompile Include="src\DuiComboBox.cpp">
      <Filter>Source Files</Filter>
    </ClCompile>
    <ClCompile Include="src\DuiDateTimeEdit.cpp">
      <Filter>Source Files</Filter>
    </ClCompile>
    <ClCompile Include="src\duiDefaultLogger.cpp">
      <Filter>Source Files</Filter>
    </ClCompile>
    <ClCompile Include="src\DuiDropDown.cpp">
      <Filter>Source Files</Filter>
    </ClCompile>
    <ClCompile Include="src\DuiEventSet.cpp">
      <Filter>Source Files</Filter>
    </ClCompile>
    <ClCompile Include="src\duiframe.cpp">
      <Filter>Source Files</Filter>
    </ClCompile>
    <ClCompile Include="src\DuiFrameDropTarget.cpp">
      <Filter>Source Files</Filter>
    </ClCompile>
    <ClCompile Include="src\DuiHeaderCtrl.cpp">
      <Filter>Source Files</Filter>
    </ClCompile>
    <ClCompile Include="src\duihostwnd.cpp">
      <Filter>Source Files</Filter>
    </ClCompile>
    <ClCompile Include="src\DuiHotKeyCtrl.cpp">
      <Filter>Source Files</Filter>
    </ClCompile>
    <ClCompile Include="src\duiimage.cpp">
      <Filter>Source Files</Filter>
    </ClCompile>
    <ClCompile Include="src\DuiImgDecoder_Def.cpp">
      <Filter>Source Files</Filter>
    </ClCompile>
    <ClCompile Include="src\duiitembox.cpp">
      <Filter>Source Files</Filter>
    </ClCompile>
    <ClCompile Include="src\duiItempanel.cpp">
      <Filter>Source Files</Filter>
    </ClCompile>
    <ClCompile Include="src\duilistbox.cpp">
      <Filter>Source Files</Filter>
    </ClCompile>
    <ClCompile Include="src\duilistboxex.cpp">
      <Filter>Source Files</Filter>
    </ClCompile>
    <ClCompile Include="src\DuiListCtrl.cpp">
      <Filter>Source Files</Filter>
    </ClCompile>
    <ClCompile Include="src\DuiLogger.cpp">
      <Filter>Source Files</Filter>
    </ClCompile>
    <ClCompile Include="src\DuiMenu.cpp">
      <Filter>Source Files</Filter>
    </ClCompile>
    <ClCompile Include="src\DuiMessageBox.cpp">
      <Filter>Source Files</Filter>
    </ClCompile>
    <ClCompile Include="src\duirealwnd.cpp">
      <Filter>Source Files</Filter>
    </ClCompile>
    <ClCompile Include="src\duiresprovider.cpp">
      <Filter>Source Files</Filter>
    </ClCompile>
    <ClCompile Include="src\DuiRichEdit.cpp">
      <Filter>Source Files</Filter>
    </ClCompile>
    <ClCompile Include="src\duiscrollbar.cpp">
      <Filter>Source Files</Filter>
    </ClCompile>
    <ClCompile Include="src\DuiSkinBase.cpp">
      <Filter>Source Files</Filter>
    </ClCompile>
    <ClCompile Include="src\DuiSliderBar.cpp">
      <Filter>Source Files</Filter>
    </ClCompile>
    <ClCompile Include="src\DuiSplitWnd.cpp">
      <Filter>Source Files</Filter>
    </ClCompile>
    <ClCompile Include="src\duistd.cpp">
      <Filter>Source Files</Filter>
    </ClCompile>
    <ClCompile Include="src\DuiSystem.cpp">
      <Filter>Source Files</Filter>
    </ClCompile>
    <ClCompile Include="src\DuiThreadActiveWndManager.cpp">
      <Filter>Source Files</Filter>
    </ClCompile>
    <ClCompile Include="src\DuiTimerEx.cpp">
      <Filter>Source Files</Filter>
    </ClCompile>
    <ClCompile Include="src\DuiTipCtrl.cpp">
      <Filter>Source Files</Filter>
    </ClCompile>
    <ClCompile Include="src\duitreebox.cpp">
      <Filter>Source Files</Filter>
    </ClCompile>
    <ClCompile Include="src\DuiTreeCtrl.cpp">
      <Filter>Source Files</Filter>
    </ClCompile>
    <ClCompile Include="src\DuiUtilities.cpp">
      <Filter>Source Files</Filter>
    </ClCompile>
    <ClCompile Include="src\DuiWindowManager.cpp">
      <Filter>Source Files</Filter>
    </ClCompile>
    <ClCompile Include="src\duiwnd.cpp">
      <Filter>Source Files</Filter>
    </ClCompile>
    <ClCompile Include="src\duiwndcmnctrl.cpp">
      <Filter>Source Files</Filter>
    </ClCompile>
    <ClCompile Include="src\DuiWndFactoryManager.cpp">
      <Filter>Source Files</Filter>
    </ClCompile>
    <ClCompile Include="src\duiwndpanel.cpp">
      <Filter>Source Files</Filter>
    </ClCompile>
    <ClCompile Include="src\duiwndstyle.cpp">
      <Filter>Source Files</Filter>
    </ClCompile>
    <ClCompile Include="src\duiwndtabctrl.cpp">
      <Filter>Source Files</Filter>
    </ClCompile>
    <ClCompile Include="src\FocusManager.cpp">
      <Filter>Source Files</Filter>
    </ClCompile>
    <ClCompile Include="src\gdialpha.cpp">
      <Filter>Source Files</Filter>
    </ClCompile>
    <ClCompile Include="src\GradientFillHelper.cpp">
      <Filter>Source Files</Filter>
    </ClCompile>
    <ClCompile Include="src\MemDC.cpp">
      <Filter>Source Files</Filter>
    </ClCompile>
    <ClCompile Include="src\MenuWndHook.cpp">
      <Filter>Source Files</Filter>
    </ClCompile>
    <ClCompile Include="src\Name2ID.cpp">
      <Filter>Source Files</Filter>
    </ClCompile>
    <ClCompile Include="src\SimpleWnd.cpp">
      <Filter>Source Files</Filter>
    </ClCompile>
    <ClCompile Include="src\activex\DuiBStr.cpp">
      <Filter>Source Files\activex</Filter>
    </ClCompile>
    <ClCompile Include="src\DuiCSS.cpp">
      <Filter>Source Files\pools</Filter>
    </ClCompile>
    <ClCompile Include="src\duifontpool.cpp">
      <Filter>Source Files\pools</Filter>
    </ClCompile>
    <ClCompile Include="src\duiimgpool.cpp">
      <Filter>Source Files\pools</Filter>
    </ClCompile>
    <ClCompile Include="src\duiskin.cpp">
      <Filter>Source Files\pools</Filter>
    </ClCompile>
    <ClCompile Include="src\DuiSkinPool.cpp">
      <Filter>Source Files\pools</Filter>
    </ClCompile>
    <ClCompile Include="src\duistringpool.cpp">
      <Filter>Source Files\pools</Filter>
    </ClCompile>
    <ClCompile Include="include\pugixml\pugixml.cpp">
      <Filter>dependencies\pugixml</Filter>
    </ClCompile>
    <ClCompile Include="dllmain.cpp">
      <Filter>dllmain</Filter>
    </ClCompile>
  </ItemGroup>
  <ItemGroup>
    <ClInclude Include="include\dui\Accelerator.h">
      <Filter>Header Files</Filter>
    </ClInclude>
    <ClInclude Include="include\dui\atl.mini\atldef.h">
      <Filter>Header Files</Filter>
    </ClInclude>
    <ClInclude Include="include\dui\auto_reset.h">
      <Filter>Header Files</Filter>
    </ClInclude>
    <ClInclude Include="include\dui\DragWnd.h">
      <Filter>Header Files</Filter>
    </ClInclude>
    <ClInclude Include="include\dui\DuiActiveX.h">
      <Filter>Header Files</Filter>
    </ClInclude>
    <ClInclude Include="include\dui\DuiAttrCrack.h">
      <Filter>Header Files</Filter>
    </ClInclude>
    <ClInclude Include="src\activex\DuiAxContainer.h">
      <Filter>Header Files</Filter>
    </ClInclude>
    <ClInclude Include="src\activex\DuiAxUtil.h">
      <Filter>Header Files</Filter>
    </ClInclude>
    <ClInclude Include="include\dui\duicolor.h">
      <Filter>Header Files</Filter>
    </ClInclude>
    <ClInclude Include="include\dui\atl.mini\duicomcli.h">
      <Filter>Header Files</Filter>
    </ClInclude>
    <ClInclude Include="include\dui\DuiContainer.h">
      <Filter>Header Files</Filter>
    </ClInclude>
    <ClInclude Include="include\dui\DuiCSS.h">
      <Filter>Header Files</Filter>
    </ClInclude>
    <ClInclude Include="include\dui\duictrls.h">
      <Filter>Header Files</Filter>
    </ClInclude>
    <ClInclude Include="include\dui\DuiDef.h">
      <Filter>Header Files</Filter>
    </ClInclude>
    <ClInclude Include="include\dui\DuiDefaultLogger.h">
      <Filter>Header Files</Filter>
    </ClInclude>
    <ClInclude Include="include\dui\DuiDropDown.h">
      <Filter>Header Files</Filter>
    </ClInclude>
    <ClInclude Include="include\dui\DuiEventSet.h">
      <Filter>Header Files</Filter>
    </ClInclude>
    <ClInclude Include="include\dui\DuiEventSubscriber.h">
      <Filter>Header Files</Filter>
    </ClInclude>
    <ClInclude Include="include\dui\duiframe.h">
      <Filter>Header Files</Filter>
    </ClInclude>
    <ClInclude Include="include\dui\DuiFrameDropTarget.h">
      <Filter>Header Files</Filter>
    </ClInclude>
    <ClInclude Include="include\dui\duihostwnd.h">
      <Filter>Header Files</Filter>
    </ClInclude>
    <ClInclude Include="include\dui\duiimage.h">
      <Filter>Header Files</Filter>
    </ClInclude>
    <ClInclude Include="include\dui\DuiImgBase.h">
      <Filter>Header Files</Filter>
    </ClInclude>
    <ClInclude Include="include\dui\DuiImgDecoder_Def.h">
      <Filter>Header Files</Filter>
    </ClInclude>
    <ClInclude Include="include\dui\duiItempanel.h">
      <Filter>Header Files</Filter>
    </ClInclude>
    <ClInclude Include="include\dui\DuiLogger.h">
      <Filter>Header Files</Filter>
    </ClInclude>
    <ClInclude Include="include\dui\duimsgcracker.h">
      <Filter>Header Files</Filter>
    </ClInclude>
    <ClInclude Include="include\dui\duimsgfilter.h">
      <Filter>Header Files</Filter>
    </ClInclude>
    <ClInclude Include="include\dui\duiobject.h">
      <Filter>Header Files</Filter>
    </ClInclude>
    <ClInclude Include="include\dui\duiref.h">
      <Filter>Header Files</Filter>
    </ClInclude>
    <ClInclude Include="include\dui\duires.h">
      <Filter>Header Files</Filter>
    </ClInclude>
    <ClInclude Include="include\dui\duiresprovider.h">
      <Filter>Header Files</Filter>
    </ClInclude>
    <ClInclude Include="include\dui\duiresproviderbase.h">
      <Filter>Header Files</Filter>
    </ClInclude>
    <ClInclude Include="include\dui\DuiScriptModule.h">
      <Filter>Header Files</Filter>
    </ClInclude>
    <ClInclude Include="include\dui\duiskin.h">
      <Filter>Header Files</Filter>
    </ClInclude>
    <ClInclude Include="include\dui\DuiSkinBase.h">
      <Filter>Header Files</Filter>
    </ClInclude>
    <ClInclude Include="include\dui\duistd.h">
      <Filter>Header Files</Filter>
    </ClInclude>
    <ClInclude Include="include\dui\DuiSystem.h">
      <Filter>Header Files</Filter>
    </ClInclude>
    <ClInclude Include="include\dui\DuiThreadActiveWndManager.h">
      <Filter>Header Files</Filter>
    </ClInclude>
    <ClInclude Include="include\dui\DuiTime.h">
      <Filter>Header Files</Filter>
    </ClInclude>
    <ClInclude Include="include\dui\DuiTimerEx.h">
      <Filter>Header Files</Filter>
    </ClInclude>
    <ClInclude Include="include\dui\DuiTipCtrl.h">
      <Filter>Header Files</Filter>
    </ClInclude>
    <ClInclude Include="include\dui\DuiUtilities.h">
      <Filter>Header Files</Filter>
    </ClInclude>
    <ClInclude Include="include\dui\DuiWindowManager.h">
      <Filter>Header Files</Filter>
    </ClInclude>
    <ClInclude Include="include\dui\duiwnd.h">
      <Filter>Header Files</Filter>
    </ClInclude>
    <ClInclude Include="include\dui\duiwnddlgfile.h">
      <Filter>Header Files</Filter>
    </ClInclude>
    <ClInclude Include="include\dui\DuiWndFactoryManager.h">
      <Filter>Header Files</Filter>
    </ClInclude>
    <ClInclude Include="include\dui\duiwndnotify.h">
      <Filter>Header Files</Filter>
    </ClInclude>
    <ClInclude Include="include\dui\duiwndpanel.h">
      <Filter>Header Files</Filter>
    </ClInclude>
    <ClInclude Include="include\dui\duiwndstyle.h">
      <Filter>Header Files</Filter>
    </ClInclude>
    <ClInclude Include="include\dui\FocusManager.h">
      <Filter>Header Files</Filter>
    </ClInclude>
    <ClInclude Include="include\dui\gdialpha.h">
      <Filter>Header Files</Filter>
    </ClInclude>
    <ClInclude Include="include\dui\GradientFillHelper.h">
      <Filter>Header Files</Filter>
    </ClInclude>
    <ClInclude Include="include\dui\MemDC.h">
      <Filter>Header Files</Filter>
    </ClInclude>
    <ClInclude Include="include\dui\MenuWndHook.h">
      <Filter>Header Files</Filter>
    </ClInclude>
    <ClInclude Include="include\dui\mybuffer.h">
      <Filter>Header Files</Filter>
    </ClInclude>
    <ClInclude Include="include\dui\Name2ID.h">
      <Filter>Header Files</Filter>
    </ClInclude>
    <ClInclude Include="include\dui\SimpleWnd.h">
      <Filter>Header Files</Filter>
    </ClInclude>
    <ClInclude Include="include\dui\wtl.mini\duicoll.h">
      <Filter>Header Files\wtl.mini</Filter>
    </ClInclude>
    <ClInclude Include="include\dui\wtl.mini\duicrack.h">
      <Filter>Header Files\wtl.mini</Filter>
    </ClInclude>
    <ClInclude Include="include\dui\wtl.mini\duigdi.h">
      <Filter>Header Files\wtl.mini</Filter>
    </ClInclude>
    <ClInclude Include="include\dui\wtl.mini\duimisc.h">
      <Filter>Header Files\wtl.mini</Filter>
    </ClInclude>
    <ClInclude Include="include\dui\wtl.mini\duistr.h">
      <Filter>Header Files\wtl.mini</Filter>
    </ClInclude>
    <ClInclude Include="include\dui\wtl.mini\strcpcvt.h">
      <Filter>Header Files\wtl.mini</Filter>
    </ClInclude>
    <ClInclude Include="include\dui\wtl.mini\tstring.h">
      <Filter>Header Files\wtl.mini</Filter>
    </ClInclude>
    <ClInclude Include="include\dui\activex\DuiBStr.h">
      <Filter>Header Files\activex</Filter>
    </ClInclude>
    <ClInclude Include="include\dui\DuiCalendar.h">
      <Filter>Header Files\controls</Filter>
    </ClInclude>
    <ClInclude Include="include\dui\DuiCaption.h">
      <Filter>Header Files\controls</Filter>
    </ClInclude>
    <ClInclude Include="include\dui\DuiComboBox.h">
      <Filter>Header Files\controls</Filter>
    </ClInclude>
    <ClInclude Include="include\dui\DuiDateTimeEdit.h">
      <Filter>Header Files\controls</Filter>
    </ClInclude>
    <ClInclude Include="include\dui\DuiHeaderCtrl.h">
      <Filter>Header Files\controls</Filter>
    </ClInclude>
    <ClInclude Include="include\dui\DuiHotKeyCtrl.h">
      <Filter>Header Files\controls</Filter>
    </ClInclude>
    <ClInclude Include="include\dui\duiitembox.h">
      <Filter>Header Files\controls</Filter>
    </ClInclude>
    <ClInclude Include="include\dui\duilistbox.h">
      <Filter>Header Files\controls</Filter>
    </ClInclude>
    <ClInclude Include="include\dui\duilistboxex.h">
      <Filter>Header Files\controls</Filter>
    </ClInclude>
    <ClInclude Include="include\dui\DuiListCtrl.h">
      <Filter>Header Files\controls</Filter>
    </ClInclude>
    <ClInclude Include="include\dui\DuiMenu.h">
      <Filter>Header Files\controls</Filter>
    </ClInclude>
    <ClInclude Include="include\dui\DuiMessageBox.h">
      <Filter>Header Files\controls</Filter>
    </ClInclude>
    <ClInclude Include="include\dui\duirealwnd.h">
      <Filter>Header Files\controls</Filter>
    </ClInclude>
    <ClInclude Include="include\dui\DuiRichEdit.h">
      <Filter>Header Files\controls</Filter>
    </ClInclude>
    <ClInclude Include="include\dui\duiscrollbar.h">
      <Filter>Header Files\controls</Filter>
    </ClInclude>
    <ClInclude Include="include\dui\DuiSliderBar.h">
      <Filter>Header Files\controls</Filter>
    </ClInclude>
    <ClInclude Include="include\dui\DuiSplitWnd.h">
      <Filter>Header Files\controls</Filter>
    </ClInclude>
    <ClInclude Include="include\dui\duitreebox.h">
      <Filter>Header Files\controls</Filter>
    </ClInclude>
    <ClInclude Include="include\dui\DuiTreeCtrl.h">
      <Filter>Header Files\controls</Filter>
    </ClInclude>
    <ClInclude Include="include\dui\duiwndcmnctrl.h">
      <Filter>Header Files\controls</Filter>
    </ClInclude>
    <ClInclude Include="include\dui\duiwndtabctrl.h">
      <Filter>Header Files\controls</Filter>
    </ClInclude>
    <ClInclude Include="include\dui\duifontpool.h">
      <Filter>Header Files\singletons</Filter>
    </ClInclude>
    <ClInclude Include="include\dui\duiimgpool.h">
      <Filter>Header Files\singletons</Filter>
    </ClInclude>
    <ClInclude Include="include\dui\DUISingleton.h">
      <Filter>Header Files\singletons</Filter>
    </ClInclude>
    <ClInclude Include="include\dui\DuiSingletonMap.h">
      <Filter>Header Files\singletons</Filter>
    </ClInclude>
    <ClInclude Include="include\dui\DuiSkinPool.h">
      <Filter>Header Files\singletons</Filter>
    </ClInclude>
    <ClInclude Include="include\dui\duistringpool.h">
      <Filter>Header Files\singletons</Filter>
    </ClInclude>
    <ClInclude Include="include\pugixml\pugiconfig.hpp">
      <Filter>dependencies\pugixml</Filter>
    </ClInclude>
    <ClInclude Include="include\pugixml\pugixml.hpp">
      <Filter>dependencies\pugixml</Filter>
    </ClInclude>
    <ClInclude Include="include\dui\stree.h">
      <Filter>Header Files</Filter>
    </ClInclude>
  </ItemGroup>
  <ItemGroup>
    <None Include="license.txt" />
    <None Include="ReadMe.txt" />
  </ItemGroup>
</Project>