
Microsoft Visual Studio Solution File, Format Version 11.00
# Visual Studio 2010
Project("{8BC9CEB8-8B4A-11D0-8D11-00A0C91BC942}") = "gifplayer", "gifplayer.vcxproj", "{D5C5DE29-1E17-4B2E-87BF-42031CC3B72F}"
EndProject
Global
	GlobalSection(SolutionConfigurationPlatforms) = preSolution
		Debug|Win32 = Debug|Win32
		Release|Win32 = Release|Win32
	EndGlobalSection
	GlobalSection(ProjectConfigurationPlatforms) = postSolution
		{D5C5DE29-1E17-4B2E-87BF-42031CC3B72F}.Debug|Win32.ActiveCfg = Debug|Win32
		{D5C5DE29-1E17-4B2E-87BF-42031CC3B72F}.Debug|Win32.Build.0 = Debug|Win32
		{D5C5DE29-1E17-4B2E-87BF-42031CC3B72F}.Release|Win32.ActiveCfg = Release|Win32
		{D5C5DE29-1E17-4B2E-87BF-42031CC3B72F}.Release|Win32.Build.0 = Release|Win32
	EndGlobalSection
	GlobalSection(SolutionProperties) = preSolution
		HideSolutionNode = FALSE
	EndGlobalSection
EndGlobal
